# This file was autogenerated by uv via the following command:
#    uv pip compile pyproject.toml --extra dev --universal --python-version 3.14 -o requirements.lock
aiosqlite==0.22.1
    # via mispfleet (pyproject.toml)
annotated-doc==0.0.5
    # via typer
annotated-types==0.8.0
    # via pydantic
anyio==4.14.2
    # via httpx
ast-serialize==0.6.0
    # via mypy
babel==2.18.0
    # via mkdocs-material
backrefs==8.0
    # via mkdocs-material
bandit==1.9.4
    # via mispfleet (pyproject.toml)
black==26.5.1
    # via mispfleet (pyproject.toml)
boolean-py==5.0
    # via license-expression
build==1.5.0
    # via mispfleet (pyproject.toml)
cachecontrol==0.14.4
    # via pip-audit
certifi==2026.7.22
    # via
    #   httpcore
    #   httpx
    #   requests
cffi==2.1.1 ; platform_python_implementation != 'PyPy' and sys_platform == 'linux'
    # via cryptography
charset-normalizer==3.4.9
    # via requests
click==8.4.2
    # via
    #   black
    #   mkdocs
colorama==0.4.6
    # via
    #   bandit
    #   build
    #   click
    #   mkdocs
    #   mkdocs-material
    #   pytest
    #   typer
coverage==7.15.3
    # via pytest-cov
cryptography==50.0.0 ; sys_platform == 'linux'
    # via secretstorage
cyclonedx-python-lib==11.11.0
    # via pip-audit
defusedxml==0.7.1
    # via py-serializable
docutils==0.23
    # via readme-renderer
filelock==3.32.2
    # via cachecontrol
ghp-import==2.1.0
    # via mkdocs
h11==0.16.0
    # via httpcore
h2==4.4.1
    # via mispfleet (pyproject.toml)
hpack==4.2.0
    # via h2
httpcore==1.0.9
    # via httpx
httpx==0.28.1
    # via mispfleet (pyproject.toml)
hyperframe==6.1.0
    # via h2
hypothesis==6.165.0
    # via mispfleet (pyproject.toml)
id==1.6.1
    # via twine
idna==3.18
    # via
    #   anyio
    #   httpx
    #   requests
iniconfig==2.3.0
    # via pytest
jaraco-classes==3.4.0
    # via keyring
jaraco-context==6.1.2
    # via keyring
jaraco-functools==4.6.0
    # via keyring
jeepney==0.9.0 ; sys_platform == 'linux'
    # via
    #   keyring
    #   secretstorage
jinja2==3.1.6
    # via
    #   mkdocs
    #   mkdocs-material
keyring==25.7.0
    # via
    #   mispfleet (pyproject.toml)
    #   twine
librt==0.13.0 ; platform_python_implementation != 'PyPy'
    # via mypy
license-expression==30.4.4
    # via cyclonedx-python-lib
markdown==3.10.3
    # via
    #   mkdocs
    #   mkdocs-material
    #   pymdown-extensions
markdown-it-py==4.2.0
    # via rich
markupsafe==3.0.3
    # via
    #   jinja2
    #   mkdocs
mdurl==0.1.2
    # via markdown-it-py
mergedeep==1.3.4
    # via
    #   mkdocs
    #   mkdocs-get-deps
mkdocs==1.6.1
    # via mkdocs-material
mkdocs-get-deps==0.2.2
    # via mkdocs
mkdocs-material==9.7.7
    # via mispfleet (pyproject.toml)
mkdocs-material-extensions==1.3.1
    # via mkdocs-material
more-itertools==11.1.0
    # via
    #   jaraco-classes
    #   jaraco-functools
msgpack==1.2.1
    # via cachecontrol
mypy==2.3.0
    # via mispfleet (pyproject.toml)
mypy-extensions==1.1.0
    # via
    #   black
    #   mypy
nh3==0.3.6
    # via readme-renderer
opentelemetry-api==1.44.0
    # via
    #   mispfleet (pyproject.toml)
    #   opentelemetry-sdk
    #   opentelemetry-semantic-conventions
opentelemetry-sdk==1.44.0
    # via mispfleet (pyproject.toml)
opentelemetry-semantic-conventions==0.65b0
    # via opentelemetry-sdk
packageurl-python==0.17.6
    # via cyclonedx-python-lib
packaging==26.2
    # via
    #   black
    #   build
    #   mkdocs
    #   pip-audit
    #   pip-requirements-parser
    #   pytest
    #   twine
paginate==0.5.7
    # via mkdocs-material
pathspec==1.1.1
    # via
    #   black
    #   mkdocs
    #   mypy
pip==26.2
    # via pip-api
pip-api==0.0.34
    # via pip-audit
pip-audit==2.10.1
    # via mispfleet (pyproject.toml)
pip-requirements-parser==32.0.1
    # via pip-audit
platformdirs==4.11.0
    # via
    #   mispfleet (pyproject.toml)
    #   black
    #   mkdocs-get-deps
    #   pip-audit
pluggy==1.6.0
    # via
    #   pytest
    #   pytest-cov
py-serializable==2.1.0
    # via cyclonedx-python-lib
pycparser==3.0 ; implementation_name != 'PyPy' and platform_python_implementation != 'PyPy' and sys_platform == 'linux'
    # via cffi
pydantic==2.13.4
    # via
    #   mispfleet (pyproject.toml)
    #   pydantic-settings
pydantic-core==2.46.4
    # via pydantic
pydantic-settings==2.14.2
    # via mispfleet (pyproject.toml)
pygments==2.20.0
    # via
    #   mkdocs-material
    #   pytest
    #   readme-renderer
    #   rich
pymdown-extensions==11.0.1
    # via mkdocs-material
pymysql==1.2.0
    # via mispfleet (pyproject.toml)
pyparsing==3.3.2
    # via pip-requirements-parser
pyproject-hooks==1.2.0
    # via build
pytest==9.1.1
    # via
    #   mispfleet (pyproject.toml)
    #   pytest-asyncio
    #   pytest-cov
pytest-asyncio==1.4.0
    # via mispfleet (pyproject.toml)
pytest-cov==7.1.0
    # via mispfleet (pyproject.toml)
python-dateutil==2.9.0.post0
    # via ghp-import
python-dotenv==1.2.2
    # via pydantic-settings
pytokens==0.4.1
    # via black
pywin32-ctypes==0.2.3 ; sys_platform == 'win32'
    # via keyring
pyyaml==6.0.3
    # via
    #   bandit
    #   mkdocs
    #   mkdocs-get-deps
    #   pymdown-extensions
    #   pyyaml-env-tag
pyyaml-env-tag==1.1
    # via mkdocs
readme-renderer==45.0
    # via twine
requests==2.34.2
    # via
    #   cachecontrol
    #   mkdocs-material
    #   pip-audit
    #   requests-toolbelt
    #   twine
requests-toolbelt==1.0.0
    # via twine
rfc3986==2.0.0
    # via twine
rich==15.0.0
    # via
    #   mispfleet (pyproject.toml)
    #   bandit
    #   pip-audit
    #   twine
    #   typer
ruamel-yaml==0.19.1
    # via mispfleet (pyproject.toml)
ruff==0.16.1
    # via mispfleet (pyproject.toml)
secretstorage==3.5.0 ; sys_platform == 'linux'
    # via keyring
shellingham==1.5.4
    # via typer
six==1.17.0
    # via python-dateutil
sortedcontainers==2.4.0
    # via
    #   cyclonedx-python-lib
    #   hypothesis
stevedore==5.9.0
    # via bandit
tomli==2.4.1
    # via pip-audit
tomli-w==1.2.0
    # via pip-audit
twine==7.0.0
    # via mispfleet (pyproject.toml)
typer==0.27.1
    # via mispfleet (pyproject.toml)
types-pymysql==1.2.0.20260724
    # via mispfleet (pyproject.toml)
typing-extensions==4.16.0
    # via
    #   mypy
    #   opentelemetry-api
    #   opentelemetry-sdk
    #   opentelemetry-semantic-conventions
    #   pydantic
    #   pydantic-core
    #   typing-inspection
typing-inspection==0.4.2
    # via
    #   pydantic
    #   pydantic-settings
urllib3==2.7.0
    # via
    #   id
    #   requests
    #   twine
watchdog==6.0.0
    # via mkdocs
